
Microsoft Visual Studio Solution File, Format Version 12.00
# Visual Studio 15
Project("{FAE04EC0-301F-11D3-BF4B-00C04F79EFBC}") = "Assembly-CSharp", "Assembly-CSharp.csproj", "{1AAA1649-B3BB-46E9-C051-C886F8D9EEE4}"
EndProject
Project("{FAE04EC0-301F-11D3-BF4B-00C04F79EFBC}") = "Assembly-CSharp-Editor", "Assembly-CSharp-Editor.csproj", "{C0ED4711-7EBC-D458-1DE5-AC2BC231EE28}"
EndProject
Global
	GlobalSection(SolutionConfigurationPlatforms) = preSolution
		Debug|Any CPU = Debug|Any CPU
		Release|Any CPU = Release|Any CPU
	EndGlobalSection
	GlobalSection(ProjectConfigurationPlatforms) = postSolution
		{1AAA1649-B3BB-46E9-C051-C886F8D9EEE4}.Debug|Any CPU.ActiveCfg = Debug|Any CPU
		{1AAA1649-B3BB-46E9-C051-C886F8D9EEE4}.Debug|Any CPU.Build.0 = Debug|Any CPU
		{1AAA1649-B3BB-46E9-C051-C886F8D9EEE4}.Release|Any CPU.ActiveCfg = Release|Any CPU
		{1AAA1649-B3BB-46E9-C051-C886F8D9EEE4}.Release|Any CPU.Build.0 = Release|Any CPU
		{C0ED4711-7EBC-D458-1DE5-AC2BC231EE28}.Debug|Any CPU.ActiveCfg = Debug|Any CPU
		{C0ED4711-7EBC-D458-1DE5-AC2BC231EE28}.Debug|Any CPU.Build.0 = Debug|Any CPU
		{C0ED4711-7EBC-D458-1DE5-AC2BC231EE28}.Release|Any CPU.ActiveCfg = Release|Any CPU
		{C0ED4711-7EBC-D458-1DE5-AC2BC231EE28}.Release|Any CPU.Build.0 = Release|Any CPU
	EndGlobalSection
	GlobalSection(SolutionProperties) = preSolution
		HideSolutionNode = FALSE
	EndGlobalSection
EndGlobal
